// !$*UTF8*$!
{
	archiveVersion = 1;
	classes = {
	};
	objectVersion = 55;
	objects = {

/* Begin PBXBuildFile section */
		6BC2AC5A289ADC8F00081838 /* FootballStandingsAppApp.swift in Sources */ = {isa = PBXBuildFile; fileRef = 6BC2AC59289ADC8F00081838 /* FootballStandingsAppApp.swift */; };
		6BC2AC5E289ADC9100081838 /* Assets.xcassets in Resources */ = {isa = PBXBuildFile; fileRef = 6BC2AC5D289ADC9100081838 /* Assets.xcassets */; };
		6BC2AC61289ADC9100081838 /* Preview Assets.xcassets in Resources */ = {isa = PBXBuildFile; fileRef = 6BC2AC60289ADC9100081838 /* Preview Assets.xcassets */; };
		6BC2AC6E289ADDF600081838 /* AllLeaguesMainView.swift in Sources */ = {isa = PBXBuildFile; fileRef = 6BC2AC6D289ADDF600081838 /* AllLeaguesMainView.swift */; };
		6BC2AC71289ADEE200081838 /* Leagues.swift in Sources */ = {isa = PBXBuildFile; fileRef = 6BC2AC70289ADEE200081838 /* Leagues.swift */; };
		6BC2AC75289ADFC600081838 /* League.swift in Sources */ = {isa = PBXBuildFile; fileRef = 6BC2AC74289ADFC600081838 /* League.swift */; };
		6BC2AC78289ADFEF00081838 /* Logo.swift in Sources */ = {isa = PBXBuildFile; fileRef = 6BC2AC77289ADFEF00081838 /* Logo.swift */; };
		6BC2AC7D289AE13900081838 /* Seasons.swift in Sources */ = {isa = PBXBuildFile; fileRef = 6BC2AC7C289AE13900081838 /* Seasons.swift */; };
		6BC2AC80289AE19000081838 /* SeasonDetail.swift in Sources */ = {isa = PBXBuildFile; fileRef = 6BC2AC7F289AE19000081838 /* SeasonDetail.swift */; };
		6BC2AC83289AE21A00081838 /* SeasonDescription.swift in Sources */ = {isa = PBXBuildFile; fileRef = 6BC2AC82289AE21A00081838 /* SeasonDescription.swift */; };
		6BC2AC92289AE46C00081838 /* Endpoints.swift in Sources */ = {isa = PBXBuildFile; fileRef = 6BC2AC86289AE46C00081838 /* Endpoints.swift */; };
		6BC2AC95289AE46C00081838 /* HTTPMethod.swift in Sources */ = {isa = PBXBuildFile; fileRef = 6BC2AC8B289AE46C00081838 /* HTTPMethod.swift */; };
		6BC2AC96289AE46C00081838 /* HTTPClient.swift in Sources */ = {isa = PBXBuildFile; fileRef = 6BC2AC8C289AE46C00081838 /* HTTPClient.swift */; };
		6BC2AC97289AE46C00081838 /* RequestError.swift in Sources */ = {isa = PBXBuildFile; fileRef = 6BC2AC8D289AE46C00081838 /* RequestError.swift */; };
		6BC2AC98289AE46C00081838 /* Endpoint.swift in Sources */ = {isa = PBXBuildFile; fileRef = 6BC2AC8E289AE46C00081838 /* Endpoint.swift */; };
		6BC2AC99289AE46C00081838 /* FootballStandingsService.swift in Sources */ = {isa = PBXBuildFile; fileRef = 6BC2AC91289AE46C00081838 /* FootballStandingsService.swift */; };
		6BC2AC9C289AEB0600081838 /* AllLeaguesMainViewPresenter.swift in Sources */ = {isa = PBXBuildFile; fileRef = 6BC2AC9B289AEB0600081838 /* AllLeaguesMainViewPresenter.swift */; };
/* End PBXBuildFile section */

/* Begin PBXFileReference section */
		6BC2AC56289ADC8F00081838 /* FootballStandingsApp.app */ = {isa = PBXFileReference; explicitFileType = wrapper.application; includeInIndex = 0; path = FootballStandingsApp.app; sourceTree = BUILT_PRODUCTS_DIR; };
		6BC2AC59289ADC8F00081838 /* FootballStandingsAppApp.swift */ = {isa = PBXFileReference; lastKnownFileType = sourcecode.swift; path = FootballStandingsAppApp.swift; sourceTree = "<group>"; };
		6BC2AC5D289ADC9100081838 /* Assets.xcassets */ = {isa = PBXFileReference; lastKnownFileType = folder.assetcatalog; path = Assets.xcassets; sourceTree = "<group>"; };
		6BC2AC60289ADC9100081838 /* Preview Assets.xcassets */ = {isa = PBXFileReference; lastKnownFileType = folder.assetcatalog; path = "Preview Assets.xcassets"; sourceTree = "<group>"; };
		6BC2AC6D289ADDF600081838 /* AllLeaguesMainView.swift */ = {isa = PBXFileReference; lastKnownFileType = sourcecode.swift; path = AllLeaguesMainView.swift; sourceTree = "<group>"; };
		6BC2AC70289ADEE200081838 /* Leagues.swift */ = {isa = PBXFileReference; lastKnownFileType = sourcecode.swift; path = Leagues.swift; sourceTree = "<group>"; };
		6BC2AC74289ADFC600081838 /* League.swift */ = {isa = PBXFileReference; lastKnownFileType = sourcecode.swift; path = League.swift; sourceTree = "<group>"; };
		6BC2AC77289ADFEF00081838 /* Logo.swift */ = {isa = PBXFileReference; lastKnownFileType = sourcecode.swift; path = Logo.swift; sourceTree = "<group>"; };
		6BC2AC7C289AE13900081838 /* Seasons.swift */ = {isa = PBXFileReference; lastKnownFileType = sourcecode.swift; path = Seasons.swift; sourceTree = "<group>"; };
		6BC2AC7F289AE19000081838 /* SeasonDetail.swift */ = {isa = PBXFileReference; lastKnownFileType = sourcecode.swift; path = SeasonDetail.swift; sourceTree = "<group>"; };
		6BC2AC82289AE21A00081838 /* SeasonDescription.swift */ = {isa = PBXFileReference; lastKnownFileType = sourcecode.swift; path = SeasonDescription.swift; sourceTree = "<group>"; };
		6BC2AC86289AE46C00081838 /* Endpoints.swift */ = {isa = PBXFileReference; fileEncoding = 4; lastKnownFileType = sourcecode.swift; path = Endpoints.swift; sourceTree = "<group>"; };
		6BC2AC8B289AE46C00081838 /* HTTPMethod.swift */ = {isa = PBXFileReference; fileEncoding = 4; lastKnownFileType = sourcecode.swift; path = HTTPMethod.swift; sourceTree = "<group>"; };
		6BC2AC8C289AE46C00081838 /* HTTPClient.swift */ = {isa = PBXFileReference; fileEncoding = 4; lastKnownFileType = sourcecode.swift; path = HTTPClient.swift; sourceTree = "<group>"; };
		6BC2AC8D289AE46C00081838 /* RequestError.swift */ = {isa = PBXFileReference; fileEncoding = 4; lastKnownFileType = sourcecode.swift; path = RequestError.swift; sourceTree = "<group>"; };
		6BC2AC8E289AE46C00081838 /* Endpoint.swift */ = {isa = PBXFileReference; fileEncoding = 4; lastKnownFileType = sourcecode.swift; path = Endpoint.swift; sourceTree = "<group>"; };
		6BC2AC91289AE46C00081838 /* FootballStandingsService.swift */ = {isa = PBXFileReference; fileEncoding = 4; lastKnownFileType = sourcecode.swift; path = FootballStandingsService.swift; sourceTree = "<group>"; };
		6BC2AC9B289AEB0600081838 /* AllLeaguesMainViewPresenter.swift */ = {isa = PBXFileReference; lastKnownFileType = sourcecode.swift; path = AllLeaguesMainViewPresenter.swift; sourceTree = "<group>"; };
/* End PBXFileReference section */

/* Begin PBXFrameworksBuildPhase section */
		6BC2AC53289ADC8F00081838 /* Frameworks */ = {
			isa = PBXFrameworksBuildPhase;
			buildActionMask = 2147483647;
			files = (
			);
			runOnlyForDeploymentPostprocessing = 0;
		};
/* End PBXFrameworksBuildPhase section */

/* Begin PBXGroup section */
		6BC2AC4D289ADC8F00081838 = {
			isa = PBXGroup;
			children = (
				6BC2AC58289ADC8F00081838 /* FootballStandingsApp */,
				6BC2AC57289ADC8F00081838 /* Products */,
			);
			sourceTree = "<group>";
		};
		6BC2AC57289ADC8F00081838 /* Products */ = {
			isa = PBXGroup;
			children = (
				6BC2AC56289ADC8F00081838 /* FootballStandingsApp.app */,
			);
			name = Products;
			sourceTree = "<group>";
		};
		6BC2AC58289ADC8F00081838 /* FootballStandingsApp */ = {
			isa = PBXGroup;
			children = (
				6BC2AC84289AE46C00081838 /* Network */,
				6BC2AC68289ADCC000081838 /* Core */,
				6BC2AC67289ADCA100081838 /* System */,
				6BC2AC5F289ADC9100081838 /* Preview Content */,
			);
			path = FootballStandingsApp;
			sourceTree = "<group>";
		};
		6BC2AC5F289ADC9100081838 /* Preview Content */ = {
			isa = PBXGroup;
			children = (
				6BC2AC60289ADC9100081838 /* Preview Assets.xcassets */,
			);
			path = "Preview Content";
			sourceTree = "<group>";
		};
		6BC2AC67289ADCA100081838 /* System */ = {
			isa = PBXGroup;
			children = (
				6BC2AC59289ADC8F00081838 /* FootballStandingsAppApp.swift */,
				6BC2AC5D289ADC9100081838 /* Assets.xcassets */,
			);
			path = System;
			sourceTree = "<group>";
		};
		6BC2AC68289ADCC000081838 /* Core */ = {
			isa = PBXGroup;
			children = (
				6BC2AC6B289ADD7400081838 /* Models */,
				6BC2AC69289ADCCF00081838 /* Screens */,
			);
			path = Core;
			sourceTree = "<group>";
		};
		6BC2AC69289ADCCF00081838 /* Screens */ = {
			isa = PBXGroup;
			children = (
				6BC2AC6C289ADDBA00081838 /* AllLeaguesScreen */,
			);
			path = Screens;
			sourceTree = "<group>";
		};
		6BC2AC6A289ADD6400081838 /* Presenter */ = {
			isa = PBXGroup;
			children = (
				6BC2AC9B289AEB0600081838 /* AllLeaguesMainViewPresenter.swift */,
			);
			path = Presenter;
			sourceTree = "<group>";
		};
		6BC2AC6B289ADD7400081838 /* Models */ = {
			isa = PBXGroup;
			children = (
				6BC2AC7A289AE11C00081838 /* SeasonsDTO */,
				6BC2AC6F289ADE9D00081838 /* LeaguesDTO */,
			);
			path = Models;
			sourceTree = "<group>";
		};
		6BC2AC6C289ADDBA00081838 /* AllLeaguesScreen */ = {
			isa = PBXGroup;
			children = (
				6BC2AC6A289ADD6400081838 /* Presenter */,
				6BC2AC9A289AEAB000081838 /* View */,
			);
			path = AllLeaguesScreen;
			sourceTree = "<group>";
		};
		6BC2AC6F289ADE9D00081838 /* LeaguesDTO */ = {
			isa = PBXGroup;
			children = (
				6BC2AC76289ADFDF00081838 /* Logo */,
				6BC2AC73289ADFB800081838 /* League */,
				6BC2AC79289AE10B00081838 /* Leagues */,
			);
			path = LeaguesDTO;
			sourceTree = "<group>";
		};
		6BC2AC73289ADFB800081838 /* League */ = {
			isa = PBXGroup;
			children = (
				6BC2AC74289ADFC600081838 /* League.swift */,
			);
			path = League;
			sourceTree = "<group>";
		};
		6BC2AC76289ADFDF00081838 /* Logo */ = {
			isa = PBXGroup;
			children = (
				6BC2AC77289ADFEF00081838 /* Logo.swift */,
			);
			path = Logo;
			sourceTree = "<group>";
		};
		6BC2AC79289AE10B00081838 /* Leagues */ = {
			isa = PBXGroup;
			children = (
				6BC2AC70289ADEE200081838 /* Leagues.swift */,
			);
			path = Leagues;
			sourceTree = "<group>";
		};
		6BC2AC7A289AE11C00081838 /* SeasonsDTO */ = {
			isa = PBXGroup;
			children = (
				6BC2AC81289AE20F00081838 /* Season Description */,
				6BC2AC7E289AE18400081838 /* Season Detail */,
				6BC2AC7B289AE12800081838 /* Seasons */,
			);
			path = SeasonsDTO;
			sourceTree = "<group>";
		};
		6BC2AC7B289AE12800081838 /* Seasons */ = {
			isa = PBXGroup;
			children = (
				6BC2AC7C289AE13900081838 /* Seasons.swift */,
			);
			path = Seasons;
			sourceTree = "<group>";
		};
		6BC2AC7E289AE18400081838 /* Season Detail */ = {
			isa = PBXGroup;
			children = (
				6BC2AC7F289AE19000081838 /* SeasonDetail.swift */,
			);
			path = "Season Detail";
			sourceTree = "<group>";
		};
		6BC2AC81289AE20F00081838 /* Season Description */ = {
			isa = PBXGroup;
			children = (
				6BC2AC82289AE21A00081838 /* SeasonDescription.swift */,
			);
			path = "Season Description";
			sourceTree = "<group>";
		};
		6BC2AC84289AE46C00081838 /* Network */ = {
			isa = PBXGroup;
			children = (
				6BC2AC85289AE46C00081838 /* Endpoints */,
				6BC2AC89289AE46C00081838 /* Base */,
				6BC2AC8F289AE46C00081838 /* Service */,
			);
			path = Network;
			sourceTree = "<group>";
		};
		6BC2AC85289AE46C00081838 /* Endpoints */ = {
			isa = PBXGroup;
			children = (
				6BC2AC86289AE46C00081838 /* Endpoints.swift */,
			);
			path = Endpoints;
			sourceTree = "<group>";
		};
		6BC2AC89289AE46C00081838 /* Base */ = {
			isa = PBXGroup;
			children = (
				6BC2AC8B289AE46C00081838 /* HTTPMethod.swift */,
				6BC2AC8C289AE46C00081838 /* HTTPClient.swift */,
				6BC2AC8D289AE46C00081838 /* RequestError.swift */,
				6BC2AC8E289AE46C00081838 /* Endpoint.swift */,
			);
			path = Base;
			sourceTree = "<group>";
		};
		6BC2AC8F289AE46C00081838 /* Service */ = {
			isa = PBXGroup;
			children = (
				6BC2AC91289AE46C00081838 /* FootballStandingsService.swift */,
			);
			path = Service;
			sourceTree = "<group>";
		};
		6BC2AC9A289AEAB000081838 /* View */ = {
			isa = PBXGroup;
			children = (
				6BC2AC6D289ADDF600081838 /* AllLeaguesMainView.swift */,
			);
			path = View;
			sourceTree = "<group>";
		};
/* End PBXGroup section */

/* Begin PBXNativeTarget section */
		6BC2AC55289ADC8F00081838 /* FootballStandingsApp */ = {
			isa = PBXNativeTarget;
			buildConfigurationList = 6BC2AC64289ADC9100081838 /* Build configuration list for PBXNativeTarget "FootballStandingsApp" */;
			buildPhases = (
				6BC2AC52289ADC8F00081838 /* Sources */,
				6BC2AC53289ADC8F00081838 /* Frameworks */,
				6BC2AC54289ADC8F00081838 /* Resources */,
			);
			buildRules = (
			);
			dependencies = (
			);
			name = FootballStandingsApp;
			productName = FootballStandingsApp;
			productReference = 6BC2AC56289ADC8F00081838 /* FootballStandingsApp.app */;
			productType = "com.apple.product-type.application";
		};
/* End PBXNativeTarget section */

/* Begin PBXProject section */
		6BC2AC4E289ADC8F00081838 /* Project object */ = {
			isa = PBXProject;
			attributes = {
				BuildIndependentTargetsInParallel = 1;
				LastSwiftUpdateCheck = 1340;
				LastUpgradeCheck = 1340;
				TargetAttributes = {
					6BC2AC55289ADC8F00081838 = {
						CreatedOnToolsVersion = 13.4;
					};
				};
			};
			buildConfigurationList = 6BC2AC51289ADC8F00081838 /* Build configuration list for PBXProject "FootballStandingsApp" */;
			compatibilityVersion = "Xcode 13.0";
			developmentRegion = en;
			hasScannedForEncodings = 0;
			knownRegions = (
				en,
				Base,
			);
			mainGroup = 6BC2AC4D289ADC8F00081838;
			productRefGroup = 6BC2AC57289ADC8F00081838 /* Products */;
			projectDirPath = "";
			projectRoot = "";
			targets = (
				6BC2AC55289ADC8F00081838 /* FootballStandingsApp */,
			);
		};
/* End PBXProject section */

/* Begin PBXResourcesBuildPhase section */
		6BC2AC54289ADC8F00081838 /* Resources */ = {
			isa = PBXResourcesBuildPhase;
			buildActionMask = 2147483647;
			files = (
				6BC2AC61289ADC9100081838 /* Preview Assets.xcassets in Resources */,
				6BC2AC5E289ADC9100081838 /* Assets.xcassets in Resources */,
			);
			runOnlyForDeploymentPostprocessing = 0;
		};
/* End PBXResourcesBuildPhase section */

/* Begin PBXSourcesBuildPhase section */
		6BC2AC52289ADC8F00081838 /* Sources */ = {
			isa = PBXSourcesBuildPhase;
			buildActionMask = 2147483647;
			files = (
				6BC2AC97289AE46C00081838 /* RequestError.swift in Sources */,
				6BC2AC71289ADEE200081838 /* Leagues.swift in Sources */,
				6BC2AC9C289AEB0600081838 /* AllLeaguesMainViewPresenter.swift in Sources */,
				6BC2AC96289AE46C00081838 /* HTTPClient.swift in Sources */,
				6BC2AC98289AE46C00081838 /* Endpoint.swift in Sources */,
				6BC2AC92289AE46C00081838 /* Endpoints.swift in Sources */,
				6BC2AC78289ADFEF00081838 /* Logo.swift in Sources */,
				6BC2AC6E289ADDF600081838 /* AllLeaguesMainView.swift in Sources */,
				6BC2AC99289AE46C00081838 /* FootballStandingsService.swift in Sources */,
				6BC2AC75289ADFC600081838 /* League.swift in Sources */,
				6BC2AC7D289AE13900081838 /* Seasons.swift in Sources */,
				6BC2AC95289AE46C00081838 /* HTTPMethod.swift in Sources */,
				6BC2AC5A289ADC8F00081838 /* FootballStandingsAppApp.swift in Sources */,
				6BC2AC80289AE19000081838 /* SeasonDetail.swift in Sources */,
				6BC2AC83289AE21A00081838 /* SeasonDescription.swift in Sources */,
			);
			runOnlyForDeploymentPostprocessing = 0;
		};
/* End PBXSourcesBuildPhase section */

/* Begin XCBuildConfiguration section */
		6BC2AC62289ADC9100081838 /* Debug */ = {
			isa = XCBuildConfiguration;
			buildSettings = {
				ALWAYS_SEARCH_USER_PATHS = NO;
				CLANG_ANALYZER_NONNULL = YES;
				CLANG_ANALYZER_NUMBER_OBJECT_CONVERSION = YES_AGGRESSIVE;
				CLANG_CXX_LANGUAGE_STANDARD = "gnu++17";
				CLANG_ENABLE_MODULES = YES;
				CLANG_ENABLE_OBJC_ARC = YES;
				CLANG_ENABLE_OBJC_WEAK = YES;
				CLANG_WARN_BLOCK_CAPTURE_AUTORELEASING = YES;
				CLANG_WARN_BOOL_CONVERSION = YES;
				CLANG_WARN_COMMA = YES;
				CLANG_WARN_CONSTANT_CONVERSION = YES;
				CLANG_WARN_DEPRECATED_OBJC_IMPLEMENTATIONS = YES;
				CLANG_WARN_DIRECT_OBJC_ISA_USAGE = YES_ERROR;
				CLANG_WARN_DOCUMENTATION_COMMENTS = YES;
				CLANG_WARN_EMPTY_BODY = YES;
				CLANG_WARN_ENUM_CONVERSION = YES;
				CLANG_WARN_INFINITE_RECURSION = YES;
				CLANG_WARN_INT_CONVERSION = YES;
				CLANG_WARN_NON_LITERAL_NULL_CONVERSION = YES;
				CLANG_WARN_OBJC_IMPLICIT_RETAIN_SELF = YES;
				CLANG_WARN_OBJC_LITERAL_CONVERSION = YES;
				CLANG_WARN_OBJC_ROOT_CLASS = YES_ERROR;
				CLANG_WARN_QUOTED_INCLUDE_IN_FRAMEWORK_HEADER = YES;
				CLANG_WARN_RANGE_LOOP_ANALYSIS = YES;
				CLANG_WARN_STRICT_PROTOTYPES = YES;
				CLANG_WARN_SUSPICIOUS_MOVE = YES;
				CLANG_WARN_UNGUARDED_AVAILABILITY = YES_AGGRESSIVE;
				CLANG_WARN_UNREACHABLE_CODE = YES;
				CLANG_WARN__DUPLICATE_METHOD_MATCH = YES;
				COPY_PHASE_STRIP = NO;
				DEBUG_INFORMATION_FORMAT = dwarf;
				ENABLE_STRICT_OBJC_MSGSEND = YES;
				ENABLE_TESTABILITY = YES;
				GCC_C_LANGUAGE_STANDARD = gnu11;
				GCC_DYNAMIC_NO_PIC = NO;
				GCC_NO_COMMON_BLOCKS = YES;
				GCC_OPTIMIZATION_LEVEL = 0;
				GCC_PREPROCESSOR_DEFINITIONS = (
					"DEBUG=1",
					"$(inherited)",
				);
				GCC_WARN_64_TO_32_BIT_CONVERSION = YES;
				GCC_WARN_ABOUT_RETURN_TYPE = YES_ERROR;
				GCC_WARN_UNDECLARED_SELECTOR = YES;
				GCC_WARN_UNINITIALIZED_AUTOS = YES_AGGRESSIVE;
				GCC_WARN_UNUSED_FUNCTION = YES;
				GCC_WARN_UNUSED_VARIABLE = YES;
				IPHONEOS_DEPLOYMENT_TARGET = 14.0;
				MTL_ENABLE_DEBUG_INFO = INCLUDE_SOURCE;
				MTL_FAST_MATH = YES;
				ONLY_ACTIVE_ARCH = YES;
				SDKROOT = iphoneos;
				SWIFT_ACTIVE_COMPILATION_CONDITIONS = DEBUG;
				SWIFT_OPTIMIZATION_LEVEL = "-Onone";
			};
			name = Debug;
		};
		6BC2AC63289ADC9100081838 /* Release */ = {
			isa = XCBuildConfiguration;
			buildSettings = {
				ALWAYS_SEARCH_USER_PATHS = NO;
				CLANG_ANALYZER_NONNULL = YES;
				CLANG_ANALYZER_NUMBER_OBJECT_CONVERSION = YES_AGGRESSIVE;
				CLANG_CXX_LANGUAGE_STANDARD = "gnu++17";
				CLANG_ENABLE_MODULES = YES;
				CLANG_ENABLE_OBJC_ARC = YES;
				CLANG_ENABLE_OBJC_WEAK = YES;
				CLANG_WARN_BLOCK_CAPTURE_AUTORELEASING = YES;
				CLANG_WARN_BOOL_CONVERSION = YES;
				CLANG_WARN_COMMA = YES;
				CLANG_WARN_CONSTANT_CONVERSION = YES;
				CLANG_WARN_DEPRECATED_OBJC_IMPLEMENTATIONS = YES;
				CLANG_WARN_DIRECT_OBJC_ISA_USAGE = YES_ERROR;
				CLANG_WARN_DOCUMENTATION_COMMENTS = YES;
				CLANG_WARN_EMPTY_BODY = YES;
				CLANG_WARN_ENUM_CONVERSION = YES;
				CLANG_WARN_INFINITE_RECURSION = YES;
				CLANG_WARN_INT_CONVERSION = YES;
				CLANG_WARN_NON_LITERAL_NULL_CONVERSION = YES;
				CLANG_WARN_OBJC_IMPLICIT_RETAIN_SELF = YES;
				CLANG_WARN_OBJC_LITERAL_CONVERSION = YES;
				CLANG_WARN_OBJC_ROOT_CLASS = YES_ERROR;
				CLANG_WARN_QUOTED_INCLUDE_IN_FRAMEWORK_HEADER = YES;
				CLANG_WARN_RANGE_LOOP_ANALYSIS = YES;
				CLANG_WARN_STRICT_PROTOTYPES = YES;
				CLANG_WARN_SUSPICIOUS_MOVE = YES;
				CLANG_WARN_UNGUARDED_AVAILABILITY = YES_AGGRESSIVE;
				CLANG_WARN_UNREACHABLE_CODE = YES;
				CLANG_WARN__DUPLICATE_METHOD_MATCH = YES;
				COPY_PHASE_STRIP = NO;
				DEBUG_INFORMATION_FORMAT = "dwarf-with-dsym";
				ENABLE_NS_ASSERTIONS = NO;
				ENABLE_STRICT_OBJC_MSGSEND = YES;
				GCC_C_LANGUAGE_STANDARD = gnu11;
				GCC_NO_COMMON_BLOCKS = YES;
				GCC_WARN_64_TO_32_BIT_CONVERSION = YES;
				GCC_WARN_ABOUT_RETURN_TYPE = YES_ERROR;
				GCC_WARN_UNDECLARED_SELECTOR = YES;
				GCC_WARN_UNINITIALIZED_AUTOS = YES_AGGRESSIVE;
				GCC_WARN_UNUSED_FUNCTION = YES;
				GCC_WARN_UNUSED_VARIABLE = YES;
				IPHONEOS_DEPLOYMENT_TARGET = 14.0;
				MTL_ENABLE_DEBUG_INFO = NO;
				MTL_FAST_MATH = YES;
				SDKROOT = iphoneos;
				SWIFT_COMPILATION_MODE = wholemodule;
				SWIFT_OPTIMIZATION_LEVEL = "-O";
				VALIDATE_PRODUCT = YES;
			};
			name = Release;
		};
		6BC2AC65289ADC9100081838 /* Debug */ = {
			isa = XCBuildConfiguration;
			buildSettings = {
				ASSETCATALOG_COMPILER_APPICON_NAME = AppIcon;
				ASSETCATALOG_COMPILER_GLOBAL_ACCENT_COLOR_NAME = AccentColor;
				CODE_SIGN_STYLE = Automatic;
				CURRENT_PROJECT_VERSION = 1;
				DEVELOPMENT_ASSET_PATHS = "\"FootballStandingsApp/Preview Content\"";
				DEVELOPMENT_TEAM = XWJ7U5B2BL;
				ENABLE_PREVIEWS = YES;
				GENERATE_INFOPLIST_FILE = YES;
				INFOPLIST_KEY_UIApplicationSceneManifest_Generation = YES;
				INFOPLIST_KEY_UIApplicationSupportsIndirectInputEvents = YES;
				INFOPLIST_KEY_UILaunchScreen_Generation = YES;
				INFOPLIST_KEY_UISupportedInterfaceOrientations_iPad = "UIInterfaceOrientationPortrait UIInterfaceOrientationPortraitUpsideDown UIInterfaceOrientationLandscapeLeft UIInterfaceOrientationLandscapeRight";
				INFOPLIST_KEY_UISupportedInterfaceOrientations_iPhone = "UIInterfaceOrientationPortrait UIInterfaceOrientationLandscapeLeft UIInterfaceOrientationLandscapeRight";
				IPHONEOS_DEPLOYMENT_TARGET = 14.0;
				LD_RUNPATH_SEARCH_PATHS = (
					"$(inherited)",
					"@executable_path/Frameworks",
				);
				MARKETING_VERSION = 1.0;
				PRODUCT_BUNDLE_IDENTIFIER = com.footballStandingsApp.FootballStandingsApp;
				PRODUCT_NAME = "$(TARGET_NAME)";
				SWIFT_EMIT_LOC_STRINGS = YES;
				SWIFT_VERSION = 5.0;
				TARGETED_DEVICE_FAMILY = "1,2";
			};
			name = Debug;
		};
		6BC2AC66289ADC9100081838 /* Release */ = {
			isa = XCBuildConfiguration;
			buildSettings = {
				ASSETCATALOG_COMPILER_APPICON_NAME = AppIcon;
				ASSETCATALOG_COMPILER_GLOBAL_ACCENT_COLOR_NAME = AccentColor;
				CODE_SIGN_STYLE = Automatic;
				CURRENT_PROJECT_VERSION = 1;
				DEVELOPMENT_ASSET_PATHS = "\"FootballStandingsApp/Preview Content\"";
				DEVELOPMENT_TEAM = XWJ7U5B2BL;
				ENABLE_PREVIEWS = YES;
				GENERATE_INFOPLIST_FILE = YES;
				INFOPLIST_KEY_UIApplicationSceneManifest_Generation = YES;
				INFOPLIST_KEY_UIApplicationSupportsIndirectInputEvents = YES;
				INFOPLIST_KEY_UILaunchScreen_Generation = YES;
				INFOPLIST_KEY_UISupportedInterfaceOrientations_iPad = "UIInterfaceOrientationPortrait UIInterfaceOrientationPortraitUpsideDown UIInterfaceOrientationLandscapeLeft UIInterfaceOrientationLandscapeRight";
				INFOPLIST_KEY_UISupportedInterfaceOrientations_iPhone = "UIInterfaceOrientationPortrait UIInterfaceOrientationLandscapeLeft UIInterfaceOrientationLandscapeRight";
				IPHONEOS_DEPLOYMENT_TARGET = 14.0;
				LD_RUNPATH_SEARCH_PATHS = (
					"$(inherited)",
					"@executable_path/Frameworks",
				);
				MARKETING_VERSION = 1.0;
				PRODUCT_BUNDLE_IDENTIFIER = com.footballStandingsApp.FootballStandingsApp;
				PRODUCT_NAME = "$(TARGET_NAME)";
				SWIFT_EMIT_LOC_STRINGS = YES;
				SWIFT_VERSION = 5.0;
				TARGETED_DEVICE_FAMILY = "1,2";
			};
			name = Release;
		};
/* End XCBuildConfiguration section */

/* Begin XCConfigurationList section */
		6BC2AC51289ADC8F00081838 /* Build configuration list for PBXProject "FootballStandingsApp" */ = {
			isa = XCConfigurationList;
			buildConfigurations = (
				6BC2AC62289ADC9100081838 /* Debug */,
				6BC2AC63289ADC9100081838 /* Release */,
			);
			defaultConfigurationIsVisible = 0;
			defaultConfigurationName = Release;
		};
		6BC2AC64289ADC9100081838 /* Build configuration list for PBXNativeTarget "FootballStandingsApp" */ = {
			isa = XCConfigurationList;
			buildConfigurations = (
				6BC2AC65289ADC9100081838 /* Debug */,
				6BC2AC66289ADC9100081838 /* Release */,
			);
			defaultConfigurationIsVisible = 0;
			defaultConfigurationName = Release;
		};
/* End XCConfigurationList section */
	};
	rootObject = 6BC2AC4E289ADC8F00081838 /* Project object */;
}
